
Microsoft Visual Studio Solution File, Format Version 12.00
# Visual Studio Version 16
VisualStudioVersion = 16.0.31515.178
MinimumVisualStudioVersion = 10.0.40219.1
Project("{FAE04EC0-301F-11D3-BF4B-00C04F79EFBC}") = "Elementos basicos", "Elementos basicos\Elementos basicos.csproj", "{138B6224-0ED0-4EBB-AA30-65A06747725A}"
EndProject
Global
	GlobalSection(SolutionConfigurationPlatforms) = preSolution
		Debug|Any CPU = Debug|Any CPU
		Release|Any CPU = Release|Any CPU
	EndGlobalSection
	GlobalSection(ProjectConfigurationPlatforms) = postSolution
		{138B6224-0ED0-4EBB-AA30-65A06747725A}.Debug|Any CPU.ActiveCfg = Debug|Any CPU
		{138B6224-0ED0-4EBB-AA30-65A06747725A}.Debug|Any CPU.Build.0 = Debug|Any CPU
		{138B6224-0ED0-4EBB-AA30-65A06747725A}.Release|Any CPU.ActiveCfg = Release|Any CPU
		{138B6224-0ED0-4EBB-AA30-65A06747725A}.Release|Any CPU.Build.0 = Release|Any CPU
	EndGlobalSection
	GlobalSection(SolutionProperties) = preSolution
		HideSolutionNode = FALSE
	EndGlobalSection
	GlobalSection(ExtensibilityGlobals) = postSolution
		SolutionGuid = {5A039CA3-F388-416B-B77A-D7C9946CCD41}
	EndGlobalSection
EndGlobal
